lockfileVersion: '6.0'

settings:
  autoInstallPeers: true
  excludeLinksFromLockfile: false

devDependencies:
  '@types/nova-editor':
    specifier: ^1.0.1
    version: 1.0.1
  dprint:
    specifier: ^0.40.2
    version: 0.40.2
  tree-sitter-unison:
    specifier: kylegoetz/tree-sitter-unison#1df9e35477b4261abb7cd9d3ab5b2f565fc3fd8a
    version: github.com/kylegoetz/tree-sitter-unison/1df9e35477b4261abb7cd9d3ab5b2f565fc3fd8a
  typescript:
    specifier: '5.2'
    version: 5.2.2

packages:

  /@dprint/darwin-arm64@0.40.2:
    resolution: {integrity: sha512-qharMFhxpNq9brgvHLbqzzAgVgPWSHLfzNLwWWhKcGOUUDUIilfAo3SlvOz6w4nQiIifLpYZOvZqK7Lpf9mSSw==}
    cpu: [arm64]
    os: [darwin]
    requiresBuild: true
    dev: true
    optional: true

  /@dprint/darwin-x64@0.40.2:
    resolution: {integrity: sha512-FPDdOTVr1JfqtLBTCvqlihWslTy3LBUoi3H1gaqIazCKMj2dB9voFWkBiMT+REMHDrlVsoSpFAfsliNr/y7HPA==}
    cpu: [x64]
    os: [darwin]
    requiresBuild: true
    dev: true
    optional: true

  /@dprint/linux-arm64-glibc@0.40.2:
    resolution: {integrity: sha512-GmUWfKwEwXA+onvewX9hEJSMcd9V184+uRbEhI5tG28tBP9+IjQhrY7jCjxPvaZA+EvzNPnAy5D1wbJdlNLBNA==}
    cpu: [arm64]
    os: [linux]
    requiresBuild: true
    dev: true
    optional: true

  /@dprint/linux-x64-glibc@0.40.2:
    resolution: {integrity: sha512-vMHAHdsOY+2thieSWbIrIioDfPgvipwUgd0MZUWOqycTrXU6kLyi2B+5J/2Jc+QO3CiLIbumQd2FH/0vB1eWqA==}
    cpu: [x64]
    os: [linux]
    requiresBuild: true
    dev: true
    optional: true

  /@dprint/linux-x64-musl@0.40.2:
    resolution: {integrity: sha512-nFSbDWd9ORyOhJ7a+RmE39WbuPoQ3OQutIgfAmfikiu/wENzEwxxv4QJ7aFnBaoZb0wuVEEpXShr8vY4p0exkg==}
    cpu: [x64]
    os: [linux]
    requiresBuild: true
    dev: true
    optional: true

  /@dprint/win32-x64@0.40.2:
    resolution: {integrity: sha512-qF4VCQzFTZYD61lbQqXLU/IwUTbLK22CancO+uVtXmZRoKU9GaVjcBhMUB7URxsa8rvxWHhHT6ldillI/aOWCg==}
    cpu: [x64]
    os: [win32]
    requiresBuild: true
    dev: true
    optional: true

  /@types/nova-editor-node@5.1.0:
    resolution: {integrity: sha512-Jj8wnUGOYmmNgd61JHSG0kV5o/zlthVn92qCdLz6VYa7CM4KSmwPjCeCzw2JqjJw6QONpcMXTVH9TKtLCnFf1Q==}
    dev: true

  /@types/nova-editor@1.0.1:
    resolution: {integrity: sha512-aFZ2n+zL5Lw1zVCq4h3ipA3v/bam3+f6EN88HTtAon/8AEUxvbWtO23p3B/rDRBI9RH96wkfWBHqjtOEUEgHkA==}
    dependencies:
      '@types/nova-editor-node': 5.1.0
    dev: true

  /dprint@0.40.2:
    resolution: {integrity: sha512-3LdyUV0itEW59UPtsRA2StOWOu8FyOW+BgvJpH/tACRHKi0z5gaQnvSxdS3mbG7dgtEhdRnGg6JoiQyGib6NTg==}
    hasBin: true
    requiresBuild: true
    optionalDependencies:
      '@dprint/darwin-arm64': 0.40.2
      '@dprint/darwin-x64': 0.40.2
      '@dprint/linux-arm64-glibc': 0.40.2
      '@dprint/linux-x64-glibc': 0.40.2
      '@dprint/linux-x64-musl': 0.40.2
      '@dprint/win32-x64': 0.40.2
    dev: true

  /nan@2.17.0:
    resolution: {integrity: sha512-2ZTgtl0nJsO0KQCjEpxcIr5D+Yv90plTitZt9JBfQvVJDS5seMl3FOvsh3+9CoYWXf/1l5OaZzzF6nDm4cagaQ==}
    dev: true

  /typescript@5.2.2:
    resolution: {integrity: sha512-mI4WrpHsbCIcwT9cF4FZvr80QUeKvsUsUvKDoR+X/7XHQH98xYD8YHZg7ANtz2GtZt/CBq2QJ0thkGJMHfqc1w==}
    engines: {node: '>=14.17'}
    hasBin: true
    dev: true

  github.com/kylegoetz/tree-sitter-unison/1df9e35477b4261abb7cd9d3ab5b2f565fc3fd8a:
    resolution: {tarball: https://codeload.github.com/kylegoetz/tree-sitter-unison/tar.gz/1df9e35477b4261abb7cd9d3ab5b2f565fc3fd8a}
    name: tree-sitter-unison
    version: 1.0.1
    prepare: true
    requiresBuild: true
    dependencies:
      nan: 2.17.0
    dev: true
